
Microsoft Visual Studio Solution File, Format Version 12.00
# Visual Studio Version 17
VisualStudioVersion = 17.5.33627.172
MinimumVisualStudioVersion = 10.0.40219.1
Project("{FAE04EC0-301F-11D3-BF4B-00C04F79EFBC}") = "WildShape-Sheets-API", "WildShape-Sheets-API.csproj", "{3C2D7C83-0064-4A9D-B2C5-03B13A6E0CAA}"
EndProject
Global
	GlobalSection(SolutionConfigurationPlatforms) = preSolution
		Debug|Any CPU = Debug|Any CPU
		Release|Any CPU = Release|Any CPU
	EndGlobalSection
	GlobalSection(ProjectConfigurationPlatforms) = postSolution
		{3C2D7C83-0064-4A9D-B2C5-03B13A6E0CAA}.Debug|Any CPU.ActiveCfg = Debug|Any CPU
		{3C2D7C83-0064-4A9D-B2C5-03B13A6E0CAA}.Debug|Any CPU.Build.0 = Debug|Any CPU
		{3C2D7C83-0064-4A9D-B2C5-03B13A6E0CAA}.Release|Any CPU.ActiveCfg = Release|Any CPU
		{3C2D7C83-0064-4A9D-B2C5-03B13A6E0CAA}.Release|Any CPU.Build.0 = Release|Any CPU
	EndGlobalSection
	GlobalSection(SolutionProperties) = preSolution
		HideSolutionNode = FALSE
	EndGlobalSection
	GlobalSection(ExtensibilityGlobals) = postSolution
		SolutionGuid = {24010389-08D9-413D-A188-43BC8F174E04}
	EndGlobalSection
EndGlobal
